
Microsoft Visual Studio Solution File, Format Version 12.00
# Visual Studio Version 16
VisualStudioVersion = 16.0.30717.126
MinimumVisualStudioVersion = 10.0.40219.1
Project("{FAE04EC0-301F-11D3-BF4B-00C04F79EFBC}") = "TicTacToe", "TicTacToe.csproj", "{FD90DEB3-DE62-43BF-9382-CCE0D113FD73}"
EndProject
Global
	GlobalSection(SolutionConfigurationPlatforms) = preSolution
		Debug|Any CPU = Debug|Any CPU
		Release|Any CPU = Release|Any CPU
	EndGlobalSection
	GlobalSection(ProjectConfigurationPlatforms) = postSolution
		{FD90DEB3-DE62-43BF-9382-CCE0D113FD73}.Debug|Any CPU.ActiveCfg = Debug|Any CPU
		{FD90DEB3-DE62-43BF-9382-CCE0D113FD73}.Debug|Any CPU.Build.0 = Debug|Any CPU
		{FD90DEB3-DE62-43BF-9382-CCE0D113FD73}.Release|Any CPU.ActiveCfg = Release|Any CPU
		{FD90DEB3-DE62-43BF-9382-CCE0D113FD73}.Release|Any CPU.Build.0 = Release|Any CPU
	EndGlobalSection
	GlobalSection(SolutionProperties) = preSolution
		HideSolutionNode = FALSE
	EndGlobalSection
	GlobalSection(ExtensibilityGlobals) = postSolution
		SolutionGuid = {B08474A1-3AA7-42CF-8598-D4AAD998F379}
	EndGlobalSection
EndGlobal
